
Microsoft Visual Studio Solution File, Format Version 12.00
# Visual Studio 15
VisualStudioVersion = 15.0.28010.2050
MinimumVisualStudioVersion = 10.0.40219.1
Project("{FAE04EC0-301F-11D3-BF4B-00C04F79EFBC}") = "Oppimistehtava5_2", "Oppimistehtava5_2\Oppimistehtava5_2.csproj", "{61D9DCFB-7419-423D-9F2E-876B638CE366}"
EndProject
Global
	GlobalSection(SolutionConfigurationPlatforms) = preSolution
		Debug|Any CPU = Debug|Any CPU
		Release|Any CPU = Release|Any CPU
	EndGlobalSection
	GlobalSection(ProjectConfigurationPlatforms) = postSolution
		{61D9DCFB-7419-423D-9F2E-876B638CE366}.Debug|Any CPU.ActiveCfg = Debug|Any CPU
		{61D9DCFB-7419-423D-9F2E-876B638CE366}.Debug|Any CPU.Build.0 = Debug|Any CPU
		{61D9DCFB-7419-423D-9F2E-876B638CE366}.Release|Any CPU.ActiveCfg = Release|Any CPU
		{61D9DCFB-7419-423D-9F2E-876B638CE366}.Release|Any CPU.Build.0 = Release|Any CPU
	EndGlobalSection
	GlobalSection(SolutionProperties) = preSolution
		HideSolutionNode = FALSE
	EndGlobalSection
	GlobalSection(ExtensibilityGlobals) = postSolution
		SolutionGuid = {D3376B37-2353-47F7-B88E-32BAB80BA68F}
	EndGlobalSection
EndGlobal
